{
  "name": "fxcie-utils",
  "version": "0.0.2",
  "lockfileVersion": 3,
  "requires": true,
  "packages": {
    "": {
      "name": "fxcie-utils",
      "version": "0.0.2",
      "license": "UNLICENSED",
      "devDependencies": {
        "fxcie-utils": "^0.0.2"
      }
    },
    "node_modules/fxcie-utils": {
      "version": "0.0.2",
      "resolved": "https://registry.npmjs.org/fxcie-utils/-/fxcie-utils-0.0.2.tgz",
      "integrity": "sha512-kRTAcXWfm4O6hOAlw9zFhkg3Pzc0/y1UynULAJz7CbM75kxzREev56AUWotDLQAH9vbkR2k+G9JABrE4iAfkfA==",
      "dev": true
    }
  }
}
